
Microsoft Visual Studio Solution File, Format Version 12.00
# Visual Studio Version 17
VisualStudioVersion = 17.0.31903.59
MinimumVisualStudioVersion = 10.0.40219.1
Project("{2150E333-8FDC-42A3-9474-1A3956D46DE8}") = "src", "src", "{827E0CD3-B72D-47B6-A68D-7590B98EB39B}"
EndProject
Project("{FAE04EC0-301F-11D3-BF4B-00C04F79EFBC}") = "CashFlow.Transactions.API", "src\CashFlow.Transactions.API\CashFlow.Transactions.API.csproj", "{685B0722-3613-4B18-9266-9A02308E13EE}"
EndProject
Project("{FAE04EC0-301F-11D3-BF4B-00C04F79EFBC}") = "CashFlow.Shared", "src\CashFlow.Shared\CashFlow.Shared.csproj", "{1F8EB7AF-7C1A-4802-985E-009FE86E4C06}"
EndProject
Project("{FAE04EC0-301F-11D3-BF4B-00C04F79EFBC}") = "CashFlow.Balance.API", "src\CashFlow.Balance.API\CashFlow.Balance.API.csproj", "{A8C62C20-1962-465D-A7D8-6E9675CE3351}"
EndProject
Project("{2150E333-8FDC-42A3-9474-1A3956D46DE8}") = "tests", "tests", "{0AB3BF05-4346-4AA6-1389-037BE0695223}"
EndProject
Project("{FAE04EC0-301F-11D3-BF4B-00C04F79EFBC}") = "CashFlow.UnitTests", "tests\CashFlow.UnitTests\CashFlow.UnitTests.csproj", "{0FA3F6FD-E7FF-49C4-AB72-F4AB80394D6D}"
EndProject
Project("{FAE04EC0-301F-11D3-BF4B-00C04F79EFBC}") = "CashFlow.Architecture.Tests", "tests\CashFlow.Architecture.Tests\CashFlow.Architecture.Tests.csproj", "{9E70F0B6-1D06-4985-AB3D-57B23950F06B}"
EndProject
Project("{FAE04EC0-301F-11D3-BF4B-00C04F79EFBC}") = "CashFlow.Bdd.Tests", "tests\CashFlow.Bdd.Tests\CashFlow.Bdd.Tests.csproj", "{1D0265A5-FC6A-480A-A140-BEB248F574BF}"
EndProject
Project("{FAE04EC0-301F-11D3-BF4B-00C04F79EFBC}") = "CashFlow.LoadTests", "tests\CashFlow.LoadTests\CashFlow.LoadTests.csproj", "{6B956CB9-25B8-40E7-BCC9-A4885B4AB774}"
EndProject
Global
	GlobalSection(SolutionConfigurationPlatforms) = preSolution
		Debug|Any CPU = Debug|Any CPU
		Debug|x64 = Debug|x64
		Debug|x86 = Debug|x86
		Release|Any CPU = Release|Any CPU
		Release|x64 = Release|x64
		Release|x86 = Release|x86
	EndGlobalSection
	GlobalSection(ProjectConfigurationPlatforms) = postSolution
		{685B0722-3613-4B18-9266-9A02308E13EE}.Debug|Any CPU.ActiveCfg = Debug|Any CPU
		{685B0722-3613-4B18-9266-9A02308E13EE}.Debug|Any CPU.Build.0 = Debug|Any CPU
		{685B0722-3613-4B18-9266-9A02308E13EE}.Debug|x64.ActiveCfg = Debug|Any CPU
		{685B0722-3613-4B18-9266-9A02308E13EE}.Debug|x64.Build.0 = Debug|Any CPU
		{685B0722-3613-4B18-9266-9A02308E13EE}.Debug|x86.ActiveCfg = Debug|Any CPU
		{685B0722-3613-4B18-9266-9A02308E13EE}.Debug|x86.Build.0 = Debug|Any CPU
		{685B0722-3613-4B18-9266-9A02308E13EE}.Release|Any CPU.ActiveCfg = Release|Any CPU
		{685B0722-3613-4B18-9266-9A02308E13EE}.Release|Any CPU.Build.0 = Release|Any CPU
		{685B0722-3613-4B18-9266-9A02308E13EE}.Release|x64.ActiveCfg = Release|Any CPU
		{685B0722-3613-4B18-9266-9A02308E13EE}.Release|x64.Build.0 = Release|Any CPU
		{685B0722-3613-4B18-9266-9A02308E13EE}.Release|x86.ActiveCfg = Release|Any CPU
		{685B0722-3613-4B18-9266-9A02308E13EE}.Release|x86.Build.0 = Release|Any CPU
		{1F8EB7AF-7C1A-4802-985E-009FE86E4C06}.Debug|Any CPU.ActiveCfg = Debug|Any CPU
		{1F8EB7AF-7C1A-4802-985E-009FE86E4C06}.Debug|Any CPU.Build.0 = Debug|Any CPU
		{1F8EB7AF-7C1A-4802-985E-009FE86E4C06}.Debug|x64.ActiveCfg = Debug|Any CPU
		{1F8EB7AF-7C1A-4802-985E-009FE86E4C06}.Debug|x64.Build.0 = Debug|Any CPU
		{1F8EB7AF-7C1A-4802-985E-009FE86E4C06}.Debug|x86.ActiveCfg = Debug|Any CPU
		{1F8EB7AF-7C1A-4802-985E-009FE86E4C06}.Debug|x86.Build.0 = Debug|Any CPU
		{1F8EB7AF-7C1A-4802-985E-009FE86E4C06}.Release|Any CPU.ActiveCfg = Release|Any CPU
		{1F8EB7AF-7C1A-4802-985E-009FE86E4C06}.Release|Any CPU.Build.0 = Release|Any CPU
		{1F8EB7AF-7C1A-4802-985E-009FE86E4C06}.Release|x64.ActiveCfg = Release|Any CPU
		{1F8EB7AF-7C1A-4802-985E-009FE86E4C06}.Release|x64.Build.0 = Release|Any CPU
		{1F8EB7AF-7C1A-4802-985E-009FE86E4C06}.Release|x86.ActiveCfg = Release|Any CPU
		{1F8EB7AF-7C1A-4802-985E-009FE86E4C06}.Release|x86.Build.0 = Release|Any CPU
		{A8C62C20-1962-465D-A7D8-6E9675CE3351}.Debug|Any CPU.ActiveCfg = Debug|Any CPU
		{A8C62C20-1962-465D-A7D8-6E9675CE3351}.Debug|Any CPU.Build.0 = Debug|Any CPU
		{A8C62C20-1962-465D-A7D8-6E9675CE3351}.Debug|x64.ActiveCfg = Debug|Any CPU
		{A8C62C20-1962-465D-A7D8-6E9675CE3351}.Debug|x64.Build.0 = Debug|Any CPU
		{A8C62C20-1962-465D-A7D8-6E9675CE3351}.Debug|x86.ActiveCfg = Debug|Any CPU
		{A8C62C20-1962-465D-A7D8-6E9675CE3351}.Debug|x86.Build.0 = Debug|Any CPU
		{A8C62C20-1962-465D-A7D8-6E9675CE3351}.Release|Any CPU.ActiveCfg = Release|Any CPU
		{A8C62C20-1962-465D-A7D8-6E9675CE3351}.Release|Any CPU.Build.0 = Release|Any CPU
		{A8C62C20-1962-465D-A7D8-6E9675CE3351}.Release|x64.ActiveCfg = Release|Any CPU
		{A8C62C20-1962-465D-A7D8-6E9675CE3351}.Release|x64.Build.0 = Release|Any CPU
		{A8C62C20-1962-465D-A7D8-6E9675CE3351}.Release|x86.ActiveCfg = Release|Any CPU
		{A8C62C20-1962-465D-A7D8-6E9675CE3351}.Release|x86.Build.0 = Release|Any CPU
		{0FA3F6FD-E7FF-49C4-AB72-F4AB80394D6D}.Debug|Any CPU.ActiveCfg = Debug|Any CPU
		{0FA3F6FD-E7FF-49C4-AB72-F4AB80394D6D}.Debug|Any CPU.Build.0 = Debug|Any CPU
		{0FA3F6FD-E7FF-49C4-AB72-F4AB80394D6D}.Debug|x64.ActiveCfg = Debug|Any CPU
		{0FA3F6FD-E7FF-49C4-AB72-F4AB80394D6D}.Debug|x64.Build.0 = Debug|Any CPU
		{0FA3F6FD-E7FF-49C4-AB72-F4AB80394D6D}.Debug|x86.ActiveCfg = Debug|Any CPU
		{0FA3F6FD-E7FF-49C4-AB72-F4AB80394D6D}.Debug|x86.Build.0 = Debug|Any CPU
		{0FA3F6FD-E7FF-49C4-AB72-F4AB80394D6D}.Release|Any CPU.ActiveCfg = Release|Any CPU
		{0FA3F6FD-E7FF-49C4-AB72-F4AB80394D6D}.Release|Any CPU.Build.0 = Release|Any CPU
		{0FA3F6FD-E7FF-49C4-AB72-F4AB80394D6D}.Release|x64.ActiveCfg = Release|Any CPU
		{0FA3F6FD-E7FF-49C4-AB72-F4AB80394D6D}.Release|x64.Build.0 = Release|Any CPU
		{0FA3F6FD-E7FF-49C4-AB72-F4AB80394D6D}.Release|x86.ActiveCfg = Release|Any CPU
		{0FA3F6FD-E7FF-49C4-AB72-F4AB80394D6D}.Release|x86.Build.0 = Release|Any CPU
		{9E70F0B6-1D06-4985-AB3D-57B23950F06B}.Debug|Any CPU.ActiveCfg = Debug|Any CPU
		{9E70F0B6-1D06-4985-AB3D-57B23950F06B}.Debug|Any CPU.Build.0 = Debug|Any CPU
		{9E70F0B6-1D06-4985-AB3D-57B23950F06B}.Debug|x64.ActiveCfg = Debug|Any CPU
		{9E70F0B6-1D06-4985-AB3D-57B23950F06B}.Debug|x64.Build.0 = Debug|Any CPU
		{9E70F0B6-1D06-4985-AB3D-57B23950F06B}.Debug|x86.ActiveCfg = Debug|Any CPU
		{9E70F0B6-1D06-4985-AB3D-57B23950F06B}.Debug|x86.Build.0 = Debug|Any CPU
		{9E70F0B6-1D06-4985-AB3D-57B23950F06B}.Release|Any CPU.ActiveCfg = Release|Any CPU
		{9E70F0B6-1D06-4985-AB3D-57B23950F06B}.Release|Any CPU.Build.0 = Release|Any CPU
		{9E70F0B6-1D06-4985-AB3D-57B23950F06B}.Release|x64.ActiveCfg = Release|Any CPU
		{9E70F0B6-1D06-4985-AB3D-57B23950F06B}.Release|x64.Build.0 = Release|Any CPU
		{9E70F0B6-1D06-4985-AB3D-57B23950F06B}.Release|x86.ActiveCfg = Release|Any CPU
		{9E70F0B6-1D06-4985-AB3D-57B23950F06B}.Release|x86.Build.0 = Release|Any CPU
		{1D0265A5-FC6A-480A-A140-BEB248F574BF}.Debug|Any CPU.ActiveCfg = Debug|Any CPU
		{1D0265A5-FC6A-480A-A140-BEB248F574BF}.Debug|Any CPU.Build.0 = Debug|Any CPU
		{1D0265A5-FC6A-480A-A140-BEB248F574BF}.Debug|x64.ActiveCfg = Debug|Any CPU
		{1D0265A5-FC6A-480A-A140-BEB248F574BF}.Debug|x64.Build.0 = Debug|Any CPU
		{1D0265A5-FC6A-480A-A140-BEB248F574BF}.Debug|x86.ActiveCfg = Debug|Any CPU
		{1D0265A5-FC6A-480A-A140-BEB248F574BF}.Debug|x86.Build.0 = Debug|Any CPU
		{1D0265A5-FC6A-480A-A140-BEB248F574BF}.Release|Any CPU.ActiveCfg = Release|Any CPU
		{1D0265A5-FC6A-480A-A140-BEB248F574BF}.Release|Any CPU.Build.0 = Release|Any CPU
		{1D0265A5-FC6A-480A-A140-BEB248F574BF}.Release|x64.ActiveCfg = Release|Any CPU
		{1D0265A5-FC6A-480A-A140-BEB248F574BF}.Release|x64.Build.0 = Release|Any CPU
		{1D0265A5-FC6A-480A-A140-BEB248F574BF}.Release|x86.ActiveCfg = Release|Any CPU
		{1D0265A5-FC6A-480A-A140-BEB248F574BF}.Release|x86.Build.0 = Release|Any CPU
		{6B956CB9-25B8-40E7-BCC9-A4885B4AB774}.Debug|Any CPU.ActiveCfg = Debug|Any CPU
		{6B956CB9-25B8-40E7-BCC9-A4885B4AB774}.Debug|Any CPU.Build.0 = Debug|Any CPU
		{6B956CB9-25B8-40E7-BCC9-A4885B4AB774}.Debug|x64.ActiveCfg = Debug|Any CPU
		{6B956CB9-25B8-40E7-BCC9-A4885B4AB774}.Debug|x64.Build.0 = Debug|Any CPU
		{6B956CB9-25B8-40E7-BCC9-A4885B4AB774}.Debug|x86.ActiveCfg = Debug|Any CPU
		{6B956CB9-25B8-40E7-BCC9-A4885B4AB774}.Debug|x86.Build.0 = Debug|Any CPU
		{6B956CB9-25B8-40E7-BCC9-A4885B4AB774}.Release|Any CPU.ActiveCfg = Release|Any CPU
		{6B956CB9-25B8-40E7-BCC9-A4885B4AB774}.Release|Any CPU.Build.0 = Release|Any CPU
		{6B956CB9-25B8-40E7-BCC9-A4885B4AB774}.Release|x64.ActiveCfg = Release|Any CPU
		{6B956CB9-25B8-40E7-BCC9-A4885B4AB774}.Release|x64.Build.0 = Release|Any CPU
		{6B956CB9-25B8-40E7-BCC9-A4885B4AB774}.Release|x86.ActiveCfg = Release|Any CPU
		{6B956CB9-25B8-40E7-BCC9-A4885B4AB774}.Release|x86.Build.0 = Release|Any CPU
	EndGlobalSection
	GlobalSection(SolutionProperties) = preSolution
		HideSolutionNode = FALSE
	EndGlobalSection
	GlobalSection(NestedProjects) = preSolution
		{685B0722-3613-4B18-9266-9A02308E13EE} = {827E0CD3-B72D-47B6-A68D-7590B98EB39B}
		{1F8EB7AF-7C1A-4802-985E-009FE86E4C06} = {827E0CD3-B72D-47B6-A68D-7590B98EB39B}
		{A8C62C20-1962-465D-A7D8-6E9675CE3351} = {827E0CD3-B72D-47B6-A68D-7590B98EB39B}
		{0FA3F6FD-E7FF-49C4-AB72-F4AB80394D6D} = {0AB3BF05-4346-4AA6-1389-037BE0695223}
		{9E70F0B6-1D06-4985-AB3D-57B23950F06B} = {0AB3BF05-4346-4AA6-1389-037BE0695223}
		{1D0265A5-FC6A-480A-A140-BEB248F574BF} = {0AB3BF05-4346-4AA6-1389-037BE0695223}
		{6B956CB9-25B8-40E7-BCC9-A4885B4AB774} = {0AB3BF05-4346-4AA6-1389-037BE0695223}
	EndGlobalSection
EndGlobal
